{
  "version": "5",
  "specifiers": {
    "jsr:@disjukr/bdl@*": "0.8.3",
    "jsr:@disjukr/bdl@0.8.3": "0.8.3",
    "jsr:@std/fs@1": "1.0.23",
    "jsr:@std/internal@^1.0.12": "1.0.12",
    "jsr:@std/path@1": "1.1.4",
    "jsr:@std/path@^1.1.4": "1.1.4",
    "jsr:@std/yaml@1": "1.0.12"
  },
  "jsr": {
    "@disjukr/bdl@0.8.3": {
      "integrity": "f8989abc713c4151f1cc40d6d6a0b6832817829d042f1c2c182be2f52918249f",
      "dependencies": [
        "jsr:@std/fs",
        "jsr:@std/path@1",
        "jsr:@std/yaml"
      ]
    },
    "@std/fs@1.0.23": {
      "integrity": "3ecbae4ce4fee03b180fa710caff36bb5adb66631c46a6460aaad49515565a37",
      "dependencies": [
        "jsr:@std/internal",
        "jsr:@std/path@^1.1.4"
      ]
    },
    "@std/internal@1.0.12": {
      "integrity": "972a634fd5bc34b242024402972cd5143eac68d8dffaca5eaa4dba30ce17b027"
    },
    "@std/path@1.1.4": {
      "integrity": "1d2d43f39efb1b42f0b1882a25486647cb851481862dc7313390b2bb044314b5",
      "dependencies": [
        "jsr:@std/internal"
      ]
    },
    "@std/yaml@1.0.12": {
      "integrity": "7deabca4545bcedd07c5f69ea53acea71b8b4c67562f224e17b90d75944cb20c"
    }
  },
  "workspace": {
    "dependencies": [
      "jsr:@disjukr/bdl@0.8.3"
    ]
  }
}
